{
  "requires": true,
  "lockfileVersion": 1,
  "dependencies": {
    "ask-sdk-core": {
      "version": "2.8.0",
      "resolved": "https://registry.npmjs.org/ask-sdk-core/-/ask-sdk-core-2.8.0.tgz",
      "integrity": "sha512-yW5D+5Z8sKOAm/vVySTZkj7f1+LemBsOAjTEZQTK4MdS8Lp8xteg3cmuqcvCp3M8405K2LYd7TknCoEAs82HEA==",
      "requires": {
        "ask-sdk-runtime": "^2.8.0"
      }
    },
    "ask-sdk-model": {
      "version": "1.28.0",
      "resolved": "https://registry.npmjs.org/ask-sdk-model/-/ask-sdk-model-1.28.0.tgz",
      "integrity": "sha512-T4qz/hbXlQ8t6XvJBB7+tkYxpLe9/Ic+MEWNYGKgwbWnIOi5SKpfkXTEvV/mOEMpLMKj8WC84j+nRAyVc63NXQ=="
    },
    "ask-sdk-runtime": {
      "version": "2.8.0",
      "resolved": "https://registry.npmjs.org/ask-sdk-runtime/-/ask-sdk-runtime-2.8.0.tgz",
      "integrity": "sha512-hsVDcFKcbuj2H7MuAUlW0RBCTF8QOXfVCsrWSIgV2ABi8+PyI0zGUe8TdkQOGsPrDAv1PIzOS42QYqxWwPsp2g=="
    },
    "lodash.get": {
      "version": "4.4.2",
      "resolved": "https://registry.npmjs.org/lodash.get/-/lodash.get-4.4.2.tgz",
      "integrity": "sha1-LRd/ZS+jHpObRDjVNBSZ36OCXpk="
    },
    "moment": {
      "version": "2.29.2",
      "resolved": "https://registry.npmjs.org/moment/-/moment-2.29.2.tgz",
      "integrity": "sha512-UgzG4rvxYpN15jgCmVJwac49h9ly9NurikMWGPdVxm8GZD6XjkKPxDTjQQ43gtGgnV3X0cAyWDdP2Wexoquifg=="
    },
    "node-fetch": {
      "version": "2.3.0",
      "resolved": "https://registry.npmjs.org/node-fetch/-/node-fetch-2.3.0.tgz",
      "integrity": "sha512-MOd8pV3fxENbryESLgVIeaGKrdl+uaYhCSSVkjeOb/31/njTpcis5aWfdqgNlHIrKOLRbMnfPINPOML2CIFeXA=="
    }
  }
}
